
Microsoft Visual Studio Solution File, Format Version 12.00
# Visual Studio Version 16
VisualStudioVersion = 16.0.30907.101
MinimumVisualStudioVersion = 10.0.40219.1
Project("{FAE04EC0-301F-11D3-BF4B-00C04F79EFBC}") = "ErrorReporting", "ErrorReporting\ErrorReporting.csproj", "{8F0DCF8A-8472-4893-9BCF-F3F286129953}"
EndProject
Global
	GlobalSection(SolutionConfigurationPlatforms) = preSolution
		Debug|Any CPU = Debug|Any CPU
		Release|Any CPU = Release|Any CPU
	EndGlobalSection
	GlobalSection(ProjectConfigurationPlatforms) = postSolution
		{8F0DCF8A-8472-4893-9BCF-F3F286129953}.Debug|Any CPU.ActiveCfg = Debug|Any CPU
		{8F0DCF8A-8472-4893-9BCF-F3F286129953}.Debug|Any CPU.Build.0 = Debug|Any CPU
		{8F0DCF8A-8472-4893-9BCF-F3F286129953}.Release|Any CPU.ActiveCfg = Release|Any CPU
		{8F0DCF8A-8472-4893-9BCF-F3F286129953}.Release|Any CPU.Build.0 = Release|Any CPU
	EndGlobalSection
	GlobalSection(SolutionProperties) = preSolution
		HideSolutionNode = FALSE
	EndGlobalSection
	GlobalSection(ExtensibilityGlobals) = postSolution
		SolutionGuid = {86ADA7A5-61BA-4817-A6CC-53E60776E568}
	EndGlobalSection
EndGlobal
